
Microsoft Visual Studio Solution File, Format Version 12.00
# Visual Studio Version 17
VisualStudioVersion = 17.6.33723.286
MinimumVisualStudioVersion = 10.0.40219.1
Project("{FAE04EC0-301F-11D3-BF4B-00C04F79EFBC}") = "CSharpConsole", "CSharpConsole\CSharpConsole.csproj", "{BADB6F15-5168-4B5B-9F6E-0490BCB7509E}"
EndProject
Global
	GlobalSection(SolutionConfigurationPlatforms) = preSolution
		Debug|Any CPU = Debug|Any CPU
		Release|Any CPU = Release|Any CPU
	EndGlobalSection
	GlobalSection(ProjectConfigurationPlatforms) = postSolution
		{BADB6F15-5168-4B5B-9F6E-0490BCB7509E}.Debug|Any CPU.ActiveCfg = Debug|Any CPU
		{BADB6F15-5168-4B5B-9F6E-0490BCB7509E}.Debug|Any CPU.Build.0 = Debug|Any CPU
		{BADB6F15-5168-4B5B-9F6E-0490BCB7509E}.Release|Any CPU.ActiveCfg = Release|Any CPU
		{BADB6F15-5168-4B5B-9F6E-0490BCB7509E}.Release|Any CPU.Build.0 = Release|Any CPU
	EndGlobalSection
	GlobalSection(SolutionProperties) = preSolution
		HideSolutionNode = FALSE
	EndGlobalSection
	GlobalSection(ExtensibilityGlobals) = postSolution
		SolutionGuid = {5FE5873C-F66D-41D2-8E38-63E959961318}
	EndGlobalSection
EndGlobal
